
Microsoft Visual Studio Solution File, Format Version 12.00
# Visual Studio 15
Project("{FAE04EC0-301F-11D3-BF4B-00C04F79EFBC}") = "Assembly-CSharp", "Assembly-CSharp.csproj", "{DEC0D27A-7578-5460-B85B-D94F7C3BD51C}"
EndProject
Global
	GlobalSection(SolutionConfigurationPlatforms) = preSolution
		Debug|Any CPU = Debug|Any CPU
		Release|Any CPU = Release|Any CPU
	EndGlobalSection
	GlobalSection(ProjectConfigurationPlatforms) = postSolution
		{DEC0D27A-7578-5460-B85B-D94F7C3BD51C}.Debug|Any CPU.ActiveCfg = Debug|Any CPU
		{DEC0D27A-7578-5460-B85B-D94F7C3BD51C}.Debug|Any CPU.Build.0 = Debug|Any CPU
		{DEC0D27A-7578-5460-B85B-D94F7C3BD51C}.Release|Any CPU.ActiveCfg = Release|Any CPU
		{DEC0D27A-7578-5460-B85B-D94F7C3BD51C}.Release|Any CPU.Build.0 = Release|Any CPU
	EndGlobalSection
	GlobalSection(SolutionProperties) = preSolution
		HideSolutionNode = FALSE
	EndGlobalSection
EndGlobal
